
Microsoft Visual Studio Solution File, Format Version 12.00
# Visual Studio Version 17
VisualStudioVersion = 17.0.32014.148
MinimumVisualStudioVersion = 10.0.40219.1
Project("{8BC9CEB8-8B4A-11D0-8D11-00A0C91BC942}") = "ProcessPointclouds", "ProcessPointclouds.vcxproj", "{3868E156-DD41-4CF1-B9DC-D61F5BF1A0A7}"
EndProject
Global
	GlobalSection(SolutionConfigurationPlatforms) = preSolution
		Debug|x64 = Debug|x64
		Release|x64 = Release|x64
	EndGlobalSection
	GlobalSection(ProjectConfigurationPlatforms) = postSolution
		{3868E156-DD41-4CF1-B9DC-D61F5BF1A0A7}.Debug|x64.ActiveCfg = Debug|x64
		{3868E156-DD41-4CF1-B9DC-D61F5BF1A0A7}.Debug|x64.Build.0 = Debug|x64
		{3868E156-DD41-4CF1-B9DC-D61F5BF1A0A7}.Release|x64.ActiveCfg = Release|x64
		{3868E156-DD41-4CF1-B9DC-D61F5BF1A0A7}.Release|x64.Build.0 = Release|x64
	EndGlobalSection
	GlobalSection(SolutionProperties) = preSolution
		HideSolutionNode = FALSE
	EndGlobalSection
	GlobalSection(ExtensibilityGlobals) = postSolution
		SolutionGuid = {A5C01565-64DA-4F89-9880-E50F45D7271A}
	EndGlobalSection
EndGlobal
