<?xml version="1.0" encoding="utf-8"?>
<Project ToolsVersion="4.0" xmlns="http://schemas.microsoft.com/developer/msbuild/2003">
  <ItemGroup>
    <Filter Include="Source Files">
      <UniqueIdentifier>{4FC737F1-C7A5-4376-A066-2A32D752A2FF}</UniqueIdentifier>
      <Extensions>cpp;c;cc;cxx;def;odl;idl;hpj;bat;asm;asmx</Extensions>
    </Filter>
    <Filter Include="Header Files">
      <UniqueIdentifier>{93995380-89BD-4b04-88EB-625FBE52EBFB}</UniqueIdentifier>
      <Extensions>h;hh;hpp;hxx;hm;inl;inc;ipp;xsd</Extensions>
    </Filter>
    <Filter Include="Resource Files">
      <UniqueIdentifier>{67DA6AB6-F800-4c08-8B7A-83BB121AAD01}</UniqueIdentifier>
      <Extensions>rc;ico;cur;bmp;dlg;rc2;rct;bin;rgs;gif;jpg;jpeg;jpe;resx;tiff;tif;png;wav;mfcribbon-ms</Extensions>
    </Filter>
    <Filter Include="modules">
      <UniqueIdentifier>{0fce757f-1aab-4800-9c1a-a75bc4971fdf}</UniqueIdentifier>
    </Filter>
    <Filter Include="modules\progressive">
      <UniqueIdentifier>{cc5c9ab9-4dd8-41c2-85fe-4551f17c8c9d}</UniqueIdentifier>
    </Filter>
    <Filter Include="modules\CppUtils">
      <UniqueIdentifier>{d5a6a814-0137-4768-8072-d94c72ad4faa}</UniqueIdentifier>
    </Filter>
    <Filter Include="imgui">
      <UniqueIdentifier>{48fc6762-f96e-4153-a1a1-a5d36a893621}</UniqueIdentifier>
    </Filter>
    <Filter Include="implot">
      <UniqueIdentifier>{91525ab8-f38d-4436-be28-9cb5c5ed485d}</UniqueIdentifier>
    </Filter>
  </ItemGroup>
  <ItemGroup>
    <ClCompile Include="src\main.cpp">
      <Filter>Source Files</Filter>
    </ClCompile>
    <ClCompile Include="libs\glew\glew.c">
      <Filter>Source Files</Filter>
    </ClCompile>
    <ClCompile Include="src\V8Helper.cpp">
      <Filter>Source Files</Filter>
    </ClCompile>
    <ClCompile Include="src\utils.cpp">
      <Filter>Source Files</Filter>
    </ClCompile>
    <ClCompile Include="src\V8GLExtBindings.cpp">
      <Filter>Source Files</Filter>
    </ClCompile>
    <ClCompile Include="src\V8ComputeShader.cpp">
      <Filter>Source Files</Filter>
    </ClCompile>
    <ClCompile Include="src\V8Shader.cpp">
      <Filter>Source Files</Filter>
    </ClCompile>
    <ClCompile Include="src\V8Window.cpp">
      <Filter>Source Files</Filter>
    </ClCompile>
    <ClCompile Include="src\Application.cpp">
      <Filter>Source Files</Filter>
    </ClCompile>
    <ClCompile Include="src\OpenVRHelper.cpp">
      <Filter>Source Files</Filter>
    </ClCompile>
    <ClCompile Include="src\V8VR.cpp">
      <Filter>Source Files</Filter>
    </ClCompile>
    <ClCompile Include="src\V8File.cpp">
      <Filter>Source Files</Filter>
    </ClCompile>
    <ClCompile Include="modules\progressive\progressive.cpp">
      <Filter>modules\progressive</Filter>
    </ClCompile>
    <ClCompile Include="libs\imgui\backends\imgui_impl_glfw.cpp">
      <Filter>imgui</Filter>
    </ClCompile>
    <ClCompile Include="libs\imgui\backends\imgui_impl_opengl3.cpp">
      <Filter>imgui</Filter>
    </ClCompile>
    <ClCompile Include="libs\imgui\imgui.cpp">
      <Filter>imgui</Filter>
    </ClCompile>
    <ClCompile Include="libs\imgui\imgui_demo.cpp">
      <Filter>imgui</Filter>
    </ClCompile>
    <ClCompile Include="libs\imgui\imgui_draw.cpp">
      <Filter>imgui</Filter>
    </ClCompile>
    <ClCompile Include="libs\imgui\imgui_tables.cpp">
      <Filter>imgui</Filter>
    </ClCompile>
    <ClCompile Include="libs\imgui\imgui_widgets.cpp">
      <Filter>imgui</Filter>
    </ClCompile>
    <ClCompile Include="include\unsuck_platform_specific.cpp">
      <Filter>Source Files</Filter>
    </ClCompile>
    <ClCompile Include="src\GLTimerQueries.cpp">
      <Filter>Source Files</Filter>
    </ClCompile>
    <ClCompile Include="src\LasLoader.cpp">
      <Filter>Source Files</Filter>
    </ClCompile>
    <ClCompile Include="libs\implot\implot.cpp">
      <Filter>implot</Filter>
    </ClCompile>
    <ClCompile Include="libs\implot\implot_items.cpp">
      <Filter>implot</Filter>
    </ClCompile>
  </ItemGroup>
  <ItemGroup>
    <ClInclude Include="include\V8Helper.h">
      <Filter>Header Files</Filter>
    </ClInclude>
    <ClInclude Include="include\utils.h">
      <Filter>Header Files</Filter>
    </ClInclude>
    <ClInclude Include="include\Shader.h">
      <Filter>Header Files</Filter>
    </ClInclude>
    <ClInclude Include="include\V8Shader.h">
      <Filter>Header Files</Filter>
    </ClInclude>
    <ClInclude Include="include\ComputeShader.h">
      <Filter>Header Files</Filter>
    </ClInclude>
    <ClInclude Include="include\V8ComputeShader.h">
      <Filter>Header Files</Filter>
    </ClInclude>
    <ClInclude Include="include\Application.h">
      <Filter>Header Files</Filter>
    </ClInclude>
    <ClInclude Include="include\OpenVRHelper.h">
      <Filter>Header Files</Filter>
    </ClInclude>
    <ClInclude Include="include\v8File.h">
      <Filter>Header Files</Filter>
    </ClInclude>
    <ClInclude Include="include\BArray.h">
      <Filter>Header Files</Filter>
    </ClInclude>
    <ClInclude Include="include\GLTimerQueries.h">
      <Filter>Header Files</Filter>
    </ClInclude>
    <ClInclude Include="modules\progressive\LASLoader.h">
      <Filter>modules\progressive</Filter>
    </ClInclude>
    <ClInclude Include="modules\progressive\ProgressiveLoader.h">
      <Filter>modules\progressive</Filter>
    </ClInclude>
    <ClInclude Include="modules\progressive\progressive.h">
      <Filter>modules\progressive</Filter>
    </ClInclude>
    <ClInclude Include="modules\CppUtils\CppUtils.h">
      <Filter>modules\CppUtils</Filter>
    </ClInclude>
    <ClInclude Include="modules\progressive\ProgressiveBINLoader.h">
      <Filter>Header Files</Filter>
    </ClInclude>
    <ClInclude Include="include\TaskPool.h">
      <Filter>Header Files</Filter>
    </ClInclude>
    <ClInclude Include="libs\imgui\backends\imgui_impl_glfw.h">
      <Filter>imgui</Filter>
    </ClInclude>
    <ClInclude Include="libs\imgui\backends\imgui_impl_opengl3.h">
      <Filter>imgui</Filter>
    </ClInclude>
    <ClInclude Include="include\unsuck.hpp">
      <Filter>Header Files</Filter>
    </ClInclude>
    <ClInclude Include="include\LasLoader.h">
      <Filter>Header Files</Filter>
    </ClInclude>
    <ClInclude Include="libs\implot\implot.h">
      <Filter>implot</Filter>
    </ClInclude>
    <ClInclude Include="libs\implot\implot_internal.h">
      <Filter>implot</Filter>
    </ClInclude>
  </ItemGroup>
</Project>