<?xml version="1.0" encoding="utf-8"?>
<Project ToolsVersion="4.0" xmlns="http://schemas.microsoft.com/developer/msbuild/2003">
  <ItemGroup>
    <Filter Include="Source Files">
      <UniqueIdentifier>{4FC737F1-C7A5-4376-A066-2A32D752A2FF}</UniqueIdentifier>
      <Extensions>cpp;c;cc;cxx;def;odl;idl;hpj;bat;asm;asmx</Extensions>
    </Filter>
    <Filter Include="Header Files">
      <UniqueIdentifier>{93995380-89BD-4b04-88EB-625FBE52EBFB}</UniqueIdentifier>
      <Extensions>h;hh;hpp;hxx;hm;inl;inc;ipp;xsd</Extensions>
    </Filter>
    <Filter Include="Resource Files">
      <UniqueIdentifier>{67DA6AB6-F800-4c08-8B7A-83BB121AAD01}</UniqueIdentifier>
      <Extensions>rc;ico;cur;bmp;dlg;rc2;rct;bin;rgs;gif;jpg;jpeg;jpe;resx;tiff;tif;png;wav;mfcribbon-ms</Extensions>
    </Filter>
  </ItemGroup>
  <ItemGroup>
    <ClInclude Include="..\libs\laszip\src\arithmeticdecoder.hpp">
      <Filter>Header Files</Filter>
    </ClInclude>
    <ClInclude Include="..\libs\laszip\src\arithmeticencoder.hpp">
      <Filter>Header Files</Filter>
    </ClInclude>
    <ClInclude Include="..\libs\laszip\src\arithmeticmodel.hpp">
      <Filter>Header Files</Filter>
    </ClInclude>
    <ClInclude Include="..\libs\laszip\src\bytestreamin.hpp">
      <Filter>Header Files</Filter>
    </ClInclude>
    <ClInclude Include="..\libs\laszip\src\bytestreaminout.hpp">
      <Filter>Header Files</Filter>
    </ClInclude>
    <ClInclude Include="..\libs\laszip\src\bytestreaminout_file.hpp">
      <Filter>Header Files</Filter>
    </ClInclude>
    <ClInclude Include="..\libs\laszip\src\bytestreamin_array.hpp">
      <Filter>Header Files</Filter>
    </ClInclude>
    <ClInclude Include="..\libs\laszip\src\bytestreamin_file.hpp">
      <Filter>Header Files</Filter>
    </ClInclude>
    <ClInclude Include="..\libs\laszip\src\bytestreamin_istream.hpp">
      <Filter>Header Files</Filter>
    </ClInclude>
    <ClInclude Include="..\libs\laszip\src\bytestreamout.hpp">
      <Filter>Header Files</Filter>
    </ClInclude>
    <ClInclude Include="..\libs\laszip\src\bytestreamout_array.hpp">
      <Filter>Header Files</Filter>
    </ClInclude>
    <ClInclude Include="..\libs\laszip\src\bytestreamout_file.hpp">
      <Filter>Header Files</Filter>
    </ClInclude>
    <ClInclude Include="..\libs\laszip\src\bytestreamout_nil.hpp">
      <Filter>Header Files</Filter>
    </ClInclude>
    <ClInclude Include="..\libs\laszip\src\bytestreamout_ostream.hpp">
      <Filter>Header Files</Filter>
    </ClInclude>
    <ClInclude Include="..\libs\laszip\src\endian.hpp">
      <Filter>Header Files</Filter>
    </ClInclude>
    <ClInclude Include="..\libs\laszip\src\integercompressor.hpp">
      <Filter>Header Files</Filter>
    </ClInclude>
    <ClInclude Include="..\libs\laszip\src\lasattributer.hpp">
      <Filter>Header Files</Filter>
    </ClInclude>
    <ClInclude Include="..\libs\laszip\src\lasindex.hpp">
      <Filter>Header Files</Filter>
    </ClInclude>
    <ClInclude Include="..\libs\laszip\src\lasinterval.hpp">
      <Filter>Header Files</Filter>
    </ClInclude>
    <ClInclude Include="..\libs\laszip\src\laspoint.hpp">
      <Filter>Header Files</Filter>
    </ClInclude>
    <ClInclude Include="..\libs\laszip\src\lasquadtree.hpp">
      <Filter>Header Files</Filter>
    </ClInclude>
    <ClInclude Include="..\libs\laszip\src\lasquantizer.hpp">
      <Filter>Header Files</Filter>
    </ClInclude>
    <ClInclude Include="..\libs\laszip\src\lasreaditem.hpp">
      <Filter>Header Files</Filter>
    </ClInclude>
    <ClInclude Include="..\libs\laszip\src\lasreaditemcompressed_v1.hpp">
      <Filter>Header Files</Filter>
    </ClInclude>
    <ClInclude Include="..\libs\laszip\src\lasreaditemcompressed_v2.hpp">
      <Filter>Header Files</Filter>
    </ClInclude>
    <ClInclude Include="..\libs\laszip\src\lasreaditemcompressed_v3.hpp">
      <Filter>Header Files</Filter>
    </ClInclude>
    <ClInclude Include="..\libs\laszip\src\lasreaditemcompressed_v4.hpp">
      <Filter>Header Files</Filter>
    </ClInclude>
    <ClInclude Include="..\libs\laszip\src\lasreaditemraw.hpp">
      <Filter>Header Files</Filter>
    </ClInclude>
    <ClInclude Include="..\libs\laszip\src\lasreadpoint.hpp">
      <Filter>Header Files</Filter>
    </ClInclude>
    <ClInclude Include="..\libs\laszip\src\lasunzipper.hpp">
      <Filter>Header Files</Filter>
    </ClInclude>
    <ClInclude Include="..\libs\laszip\src\laswriteitem.hpp">
      <Filter>Header Files</Filter>
    </ClInclude>
    <ClInclude Include="..\libs\laszip\src\laswriteitemcompressed_v1.hpp">
      <Filter>Header Files</Filter>
    </ClInclude>
    <ClInclude Include="..\libs\laszip\src\laswriteitemcompressed_v2.hpp">
      <Filter>Header Files</Filter>
    </ClInclude>
    <ClInclude Include="..\libs\laszip\src\laswriteitemcompressed_v3.hpp">
      <Filter>Header Files</Filter>
    </ClInclude>
    <ClInclude Include="..\libs\laszip\src\laswriteitemcompressed_v4.hpp">
      <Filter>Header Files</Filter>
    </ClInclude>
    <ClInclude Include="..\libs\laszip\src\laswriteitemraw.hpp">
      <Filter>Header Files</Filter>
    </ClInclude>
    <ClInclude Include="..\libs\laszip\src\laswritepoint.hpp">
      <Filter>Header Files</Filter>
    </ClInclude>
    <ClInclude Include="..\libs\laszip\src\laszip.hpp">
      <Filter>Header Files</Filter>
    </ClInclude>
    <ClInclude Include="..\libs\laszip\src\laszipper.hpp">
      <Filter>Header Files</Filter>
    </ClInclude>
    <ClInclude Include="..\libs\laszip\src\laszip_common_v1.hpp">
      <Filter>Header Files</Filter>
    </ClInclude>
    <ClInclude Include="..\libs\laszip\src\laszip_common_v2.hpp">
      <Filter>Header Files</Filter>
    </ClInclude>
    <ClInclude Include="..\libs\laszip\src\laszip_common_v3.hpp">
      <Filter>Header Files</Filter>
    </ClInclude>
    <ClInclude Include="..\libs\laszip\src\laszip_decompress_selective_v3.hpp">
      <Filter>Header Files</Filter>
    </ClInclude>
    <ClInclude Include="..\libs\laszip\src\mydefs.hpp">
      <Filter>Header Files</Filter>
    </ClInclude>
  </ItemGroup>
  <ItemGroup>
    <ClCompile Include="..\libs\laszip\src\arithmeticdecoder.cpp">
      <Filter>Source Files</Filter>
    </ClCompile>
    <ClCompile Include="..\libs\laszip\src\arithmeticencoder.cpp">
      <Filter>Source Files</Filter>
    </ClCompile>
    <ClCompile Include="..\libs\laszip\src\arithmeticmodel.cpp">
      <Filter>Source Files</Filter>
    </ClCompile>
    <ClCompile Include="..\libs\laszip\src\integercompressor.cpp">
      <Filter>Source Files</Filter>
    </ClCompile>
    <ClCompile Include="..\libs\laszip\src\lasindex.cpp">
      <Filter>Source Files</Filter>
    </ClCompile>
    <ClCompile Include="..\libs\laszip\src\lasinterval.cpp">
      <Filter>Source Files</Filter>
    </ClCompile>
    <ClCompile Include="..\libs\laszip\src\lasquadtree.cpp">
      <Filter>Source Files</Filter>
    </ClCompile>
    <ClCompile Include="..\libs\laszip\src\lasreaditemcompressed_v1.cpp">
      <Filter>Source Files</Filter>
    </ClCompile>
    <ClCompile Include="..\libs\laszip\src\lasreaditemcompressed_v2.cpp">
      <Filter>Source Files</Filter>
    </ClCompile>
    <ClCompile Include="..\libs\laszip\src\lasreaditemcompressed_v3.cpp">
      <Filter>Source Files</Filter>
    </ClCompile>
    <ClCompile Include="..\libs\laszip\src\lasreaditemcompressed_v4.cpp">
      <Filter>Source Files</Filter>
    </ClCompile>
    <ClCompile Include="..\libs\laszip\src\lasreadpoint.cpp">
      <Filter>Source Files</Filter>
    </ClCompile>
    <ClCompile Include="..\libs\laszip\src\lasunzipper.cpp">
      <Filter>Source Files</Filter>
    </ClCompile>
    <ClCompile Include="..\libs\laszip\src\laswriteitemcompressed_v1.cpp">
      <Filter>Source Files</Filter>
    </ClCompile>
    <ClCompile Include="..\libs\laszip\src\laswriteitemcompressed_v2.cpp">
      <Filter>Source Files</Filter>
    </ClCompile>
    <ClCompile Include="..\libs\laszip\src\laswriteitemcompressed_v3.cpp">
      <Filter>Source Files</Filter>
    </ClCompile>
    <ClCompile Include="..\libs\laszip\src\laswriteitemcompressed_v4.cpp">
      <Filter>Source Files</Filter>
    </ClCompile>
    <ClCompile Include="..\libs\laszip\src\laswritepoint.cpp">
      <Filter>Source Files</Filter>
    </ClCompile>
    <ClCompile Include="..\libs\laszip\src\laszip.cpp">
      <Filter>Source Files</Filter>
    </ClCompile>
    <ClCompile Include="..\libs\laszip\src\laszipper.cpp">
      <Filter>Source Files</Filter>
    </ClCompile>
    <ClCompile Include="..\libs\laszip\src\laszip_dll.cpp">
      <Filter>Source Files</Filter>
    </ClCompile>
    <ClCompile Include="..\libs\laszip\src\mydefs.cpp">
      <Filter>Source Files</Filter>
    </ClCompile>
  </ItemGroup>
</Project>